// !$*UTF8*$!
{
	archiveVersion = 1;
	classes = {
	};
	objectVersion = 56;
	objects = {

/* Begin PBXBuildFile section */
		732EEEB3297528A800D9084A /* AppDelegate.swift in Sources */ = {isa = PBXBuildFile; fileRef = 732EEEB2297528A800D9084A /* AppDelegate.swift */; };
		732EEEB5297528A800D9084A /* SceneDelegate.swift in Sources */ = {isa = PBXBuildFile; fileRef = 732EEEB4297528A800D9084A /* SceneDelegate.swift */; };
		732EEEB7297528A800D9084A /* LoginViewController.swift in Sources */ = {isa = PBXBuildFile; fileRef = 732EEEB6297528A800D9084A /* LoginViewController.swift */; };
		732EEEBA297528A800D9084A /* Main.storyboard in Resources */ = {isa = PBXBuildFile; fileRef = 732EEEB8297528A800D9084A /* Main.storyboard */; };
		732EEEBC297528AA00D9084A /* Assets.xcassets in Resources */ = {isa = PBXBuildFile; fileRef = 732EEEBB297528AA00D9084A /* Assets.xcassets */; };
		732EEEBF297528AA00D9084A /* LaunchScreen.storyboard in Resources */ = {isa = PBXBuildFile; fileRef = 732EEEBD297528AA00D9084A /* LaunchScreen.storyboard */; };
		732EEECA297528AA00D9084A /* LMS_AppTests.swift in Sources */ = {isa = PBXBuildFile; fileRef = 732EEEC9297528AA00D9084A /* LMS_AppTests.swift */; };
		732EEED4297528AA00D9084A /* LMS_AppUITests.swift in Sources */ = {isa = PBXBuildFile; fileRef = 732EEED3297528AA00D9084A /* LMS_AppUITests.swift */; };
		732EEED6297528AA00D9084A /* LMS_AppUITestsLaunchTests.swift in Sources */ = {isa = PBXBuildFile; fileRef = 732EEED5297528AA00D9084A /* LMS_AppUITestsLaunchTests.swift */; };
		73AA6F88297678D500EBA5EF /* JoinViewController.swift in Sources */ = {isa = PBXBuildFile; fileRef = 73AA6F87297678D500EBA5EF /* JoinViewController.swift */; };
		73AA6F8F297687B100EBA5EF /* symbol.png in Resources */ = {isa = PBXBuildFile; fileRef = 73AA6F8E297687B100EBA5EF /* symbol.png */; };
		73AA6F912976A2EE00EBA5EF /* MainViewController.swift in Sources */ = {isa = PBXBuildFile; fileRef = 73AA6F902976A2EE00EBA5EF /* MainViewController.swift */; };
/* End PBXBuildFile section */

/* Begin PBXContainerItemProxy section */
		732EEEC6297528AA00D9084A /* PBXContainerItemProxy */ = {
			isa = PBXContainerItemProxy;
			containerPortal = 732EEEA7297528A800D9084A /* Project object */;
			proxyType = 1;
			remoteGlobalIDString = 732EEEAE297528A800D9084A;
			remoteInfo = LMS_App;
		};
		732EEED0297528AA00D9084A /* PBXContainerItemProxy */ = {
			isa = PBXContainerItemProxy;
			containerPortal = 732EEEA7297528A800D9084A /* Project object */;
			proxyType = 1;
			remoteGlobalIDString = 732EEEAE297528A800D9084A;
			remoteInfo = LMS_App;
		};
/* End PBXContainerItemProxy section */

/* Begin PBXFileReference section */
		732EEEAF297528A800D9084A /* LMS_App.app */ = {isa = PBXFileReference; explicitFileType = wrapper.application; includeInIndex = 0; path = LMS_App.app; sourceTree = BUILT_PRODUCTS_DIR; };
		732EEEB2297528A800D9084A /* AppDelegate.swift */ = {isa = PBXFileReference; lastKnownFileType = sourcecode.swift; path = AppDelegate.swift; sourceTree = "<group>"; };
		732EEEB4297528A800D9084A /* SceneDelegate.swift */ = {isa = PBXFileReference; lastKnownFileType = sourcecode.swift; path = SceneDelegate.swift; sourceTree = "<group>"; };
		732EEEB6297528A800D9084A /* LoginViewController.swift */ = {isa = PBXFileReference; lastKnownFileType = sourcecode.swift; path = LoginViewController.swift; sourceTree = "<group>"; };
		732EEEB9297528A800D9084A /* Base */ = {isa = PBXFileReference; lastKnownFileType = file.storyboard; name = Base; path = Base.lproj/Main.storyboard; sourceTree = "<group>"; };
		732EEEBB297528AA00D9084A /* Assets.xcassets */ = {isa = PBXFileReference; lastKnownFileType = folder.assetcatalog; path = Assets.xcassets; sourceTree = "<group>"; };
		732EEEBE297528AA00D9084A /* Base */ = {isa = PBXFileReference; lastKnownFileType = file.storyboard; name = Base; path = Base.lproj/LaunchScreen.storyboard; sourceTree = "<group>"; };
		732EEEC0297528AA00D9084A /* Info.plist */ = {isa = PBXFileReference; lastKnownFileType = text.plist.xml; path = Info.plist; sourceTree = "<group>"; };
		732EEEC5297528AA00D9084A /* LMS_AppTests.xctest */ = {isa = PBXFileReference; explicitFileType = wrapper.cfbundle; includeInIndex = 0; path = LMS_AppTests.xctest; sourceTree = BUILT_PRODUCTS_DIR; };
		732EEEC9297528AA00D9084A /* LMS_AppTests.swift */ = {isa = PBXFileReference; lastKnownFileType = sourcecode.swift; path = LMS_AppTests.swift; sourceTree = "<group>"; };
		732EEECF297528AA00D9084A /* LMS_AppUITests.xctest */ = {isa = PBXFileReference; explicitFileType = wrapper.cfbundle; includeInIndex = 0; path = LMS_AppUITests.xctest; sourceTree = BUILT_PRODUCTS_DIR; };
		732EEED3297528AA00D9084A /* LMS_AppUITests.swift */ = {isa = PBXFileReference; lastKnownFileType = sourcecode.swift; path = LMS_AppUITests.swift; sourceTree = "<group>"; };
		732EEED5297528AA00D9084A /* LMS_AppUITestsLaunchTests.swift */ = {isa = PBXFileReference; lastKnownFileType = sourcecode.swift; path = LMS_AppUITestsLaunchTests.swift; sourceTree = "<group>"; };
		73AA6F87297678D500EBA5EF /* JoinViewController.swift */ = {isa = PBXFileReference; lastKnownFileType = sourcecode.swift; path = JoinViewController.swift; sourceTree = "<group>"; };
		73AA6F8E297687B100EBA5EF /* symbol.png */ = {isa = PBXFileReference; lastKnownFileType = image.png; name = symbol.png; path = ../../../../Downloads/symbol.png; sourceTree = "<group>"; };
		73AA6F902976A2EE00EBA5EF /* MainViewController.swift */ = {isa = PBXFileReference; lastKnownFileType = sourcecode.swift; path = MainViewController.swift; sourceTree = "<group>"; };
/* End PBXFileReference section */

/* Begin PBXFrameworksBuildPhase section */
		732EEEAC297528A800D9084A /* Frameworks */ = {
			isa = PBXFrameworksBuildPhase;
			buildActionMask = 2147483647;
			files = (
			);
			runOnlyForDeploymentPostprocessing = 0;
		};
		732EEEC2297528AA00D9084A /* Frameworks */ = {
			isa = PBXFrameworksBuildPhase;
			buildActionMask = 2147483647;
			files = (
			);
			runOnlyForDeploymentPostprocessing = 0;
		};
		732EEECC297528AA00D9084A /* Frameworks */ = {
			isa = PBXFrameworksBuildPhase;
			buildActionMask = 2147483647;
			files = (
			);
			runOnlyForDeploymentPostprocessing = 0;
		};
/* End PBXFrameworksBuildPhase section */

/* Begin PBXGroup section */
		732EEEA6297528A800D9084A = {
			isa = PBXGroup;
			children = (
				732EEEB1297528A800D9084A /* LMS_App */,
				732EEEC8297528AA00D9084A /* LMS_AppTests */,
				732EEED2297528AA00D9084A /* LMS_AppUITests */,
				732EEEB0297528A800D9084A /* Products */,
			);
			sourceTree = "<group>";
		};
		732EEEB0297528A800D9084A /* Products */ = {
			isa = PBXGroup;
			children = (
				732EEEAF297528A800D9084A /* LMS_App.app */,
				732EEEC5297528AA00D9084A /* LMS_AppTests.xctest */,
				732EEECF297528AA00D9084A /* LMS_AppUITests.xctest */,
			);
			name = Products;
			sourceTree = "<group>";
		};
		732EEEB1297528A800D9084A /* LMS_App */ = {
			isa = PBXGroup;
			children = (
				73AA6F8E297687B100EBA5EF /* symbol.png */,
				732EEEB2297528A800D9084A /* AppDelegate.swift */,
				732EEEB4297528A800D9084A /* SceneDelegate.swift */,
				732EEEB6297528A800D9084A /* LoginViewController.swift */,
				73AA6F87297678D500EBA5EF /* JoinViewController.swift */,
				73AA6F902976A2EE00EBA5EF /* MainViewController.swift */,
				732EEEB8297528A800D9084A /* Main.storyboard */,
				732EEEBB297528AA00D9084A /* Assets.xcassets */,
				732EEEBD297528AA00D9084A /* LaunchScreen.storyboard */,
				732EEEC0297528AA00D9084A /* Info.plist */,
			);
			path = LMS_App;
			sourceTree = "<group>";
		};
		732EEEC8297528AA00D9084A /* LMS_AppTests */ = {
			isa = PBXGroup;
			children = (
				732EEEC9297528AA00D9084A /* LMS_AppTests.swift */,
			);
			path = LMS_AppTests;
			sourceTree = "<group>";
		};
		732EEED2297528AA00D9084A /* LMS_AppUITests */ = {
			isa = PBXGroup;
			children = (
				732EEED3297528AA00D9084A /* LMS_AppUITests.swift */,
				732EEED5297528AA00D9084A /* LMS_AppUITestsLaunchTests.swift */,
			);
			path = LMS_AppUITests;
			sourceTree = "<group>";
		};
/* End PBXGroup section */

/* Begin PBXNativeTarget section */
		732EEEAE297528A800D9084A /* LMS_App */ = {
			isa = PBXNativeTarget;
			buildConfigurationList = 732EEED9297528AA00D9084A /* Build configuration list for PBXNativeTarget "LMS_App" */;
			buildPhases = (
				732EEEAB297528A800D9084A /* Sources */,
				732EEEAC297528A800D9084A /* Frameworks */,
				732EEEAD297528A800D9084A /* Resources */,
			);
			buildRules = (
			);
			dependencies = (
			);
			name = LMS_App;
			productName = LMS_App;
			productReference = 732EEEAF297528A800D9084A /* LMS_App.app */;
			productType = "com.apple.product-type.application";
		};
		732EEEC4297528AA00D9084A /* LMS_AppTests */ = {
			isa = PBXNativeTarget;
			buildConfigurationList = 732EEEDC297528AA00D9084A /* Build configuration list for PBXNativeTarget "LMS_AppTests" */;
			buildPhases = (
				732EEEC1297528AA00D9084A /* Sources */,
				732EEEC2297528AA00D9084A /* Frameworks */,
				732EEEC3297528AA00D9084A /* Resources */,
			);
			buildRules = (
			);
			dependencies = (
				732EEEC7297528AA00D9084A /* PBXTargetDependency */,
			);
			name = LMS_AppTests;
			productName = LMS_AppTests;
			productReference = 732EEEC5297528AA00D9084A /* LMS_AppTests.xctest */;
			productType = "com.apple.product-type.bundle.unit-test";
		};
		732EEECE297528AA00D9084A /* LMS_AppUITests */ = {
			isa = PBXNativeTarget;
			buildConfigurationList = 732EEEDF297528AA00D9084A /* Build configuration list for PBXNativeTarget "LMS_AppUITests" */;
			buildPhases = (
				732EEECB297528AA00D9084A /* Sources */,
				732EEECC297528AA00D9084A /* Frameworks */,
				732EEECD297528AA00D9084A /* Resources */,
			);
			buildRules = (
			);
			dependencies = (
				732EEED1297528AA00D9084A /* PBXTargetDependency */,
			);
			name = LMS_AppUITests;
			productName = LMS_AppUITests;
			productReference = 732EEECF297528AA00D9084A /* LMS_AppUITests.xctest */;
			productType = "com.apple.product-type.bundle.ui-testing";
		};
/* End PBXNativeTarget section */

/* Begin PBXProject section */
		732EEEA7297528A800D9084A /* Project object */ = {
			isa = PBXProject;
			attributes = {
				BuildIndependentTargetsInParallel = 1;
				LastSwiftUpdateCheck = 1420;
				LastUpgradeCheck = 1420;
				TargetAttributes = {
					732EEEAE297528A800D9084A = {
						CreatedOnToolsVersion = 14.2;
					};
					732EEEC4297528AA00D9084A = {
						CreatedOnToolsVersion = 14.2;
						TestTargetID = 732EEEAE297528A800D9084A;
					};
					732EEECE297528AA00D9084A = {
						CreatedOnToolsVersion = 14.2;
						TestTargetID = 732EEEAE297528A800D9084A;
					};
				};
			};
			buildConfigurationList = 732EEEAA297528A800D9084A /* Build configuration list for PBXProject "LMS_App" */;
			compatibilityVersion = "Xcode 14.0";
			developmentRegion = en;
			hasScannedForEncodings = 0;
			knownRegions = (
				en,
				Base,
			);
			mainGroup = 732EEEA6297528A800D9084A;
			productRefGroup = 732EEEB0297528A800D9084A /* Products */;
			projectDirPath = "";
			projectRoot = "";
			targets = (
				732EEEAE297528A800D9084A /* LMS_App */,
				732EEEC4297528AA00D9084A /* LMS_AppTests */,
				732EEECE297528AA00D9084A /* LMS_AppUITests */,
			);
		};
/* End PBXProject section */

/* Begin PBXResourcesBuildPhase section */
		732EEEAD297528A800D9084A /* Resources */ = {
			isa = PBXResourcesBuildPhase;
			buildActionMask = 2147483647;
			files = (
				732EEEBF297528AA00D9084A /* LaunchScreen.storyboard in Resources */,
				732EEEBC297528AA00D9084A /* Assets.xcassets in Resources */,
				732EEEBA297528A800D9084A /* Main.storyboard in Resources */,
				73AA6F8F297687B100EBA5EF /* symbol.png in Resources */,
			);
			runOnlyForDeploymentPostprocessing = 0;
		};
		732EEEC3297528AA00D9084A /* Resources */ = {
			isa = PBXResourcesBuildPhase;
			buildActionMask = 2147483647;
			files = (
			);
			runOnlyForDeploymentPostprocessing = 0;
		};
		732EEECD297528AA00D9084A /* Resources */ = {
			isa = PBXResourcesBuildPhase;
			buildActionMask = 2147483647;
			files = (
			);
			runOnlyForDeploymentPostprocessing = 0;
		};
/* End PBXResourcesBuildPhase section */

/* Begin PBXSourcesBuildPhase section */
		732EEEAB297528A800D9084A /* Sources */ = {
			isa = PBXSourcesBuildPhase;
			buildActionMask = 2147483647;
			files = (
				732EEEB7297528A800D9084A /* LoginViewController.swift in Sources */,
				732EEEB3297528A800D9084A /* AppDelegate.swift in Sources */,
				73AA6F88297678D500EBA5EF /* JoinViewController.swift in Sources */,
				732EEEB5297528A800D9084A /* SceneDelegate.swift in Sources */,
				73AA6F912976A2EE00EBA5EF /* MainViewController.swift in Sources */,
			);
			runOnlyForDeploymentPostprocessing = 0;
		};
		732EEEC1297528AA00D9084A /* Sources */ = {
			isa = PBXSourcesBuildPhase;
			buildActionMask = 2147483647;
			files = (
				732EEECA297528AA00D9084A /* LMS_AppTests.swift in Sources */,
			);
			runOnlyForDeploymentPostprocessing = 0;
		};
		732EEECB297528AA00D9084A /* Sources */ = {
			isa = PBXSourcesBuildPhase;
			buildActionMask = 2147483647;
			files = (
				732EEED4297528AA00D9084A /* LMS_AppUITests.swift in Sources */,
				732EEED6297528AA00D9084A /* LMS_AppUITestsLaunchTests.swift in Sources */,
			);
			runOnlyForDeploymentPostprocessing = 0;
		};
/* End PBXSourcesBuildPhase section */

/* Begin PBXTargetDependency section */
		732EEEC7297528AA00D9084A /* PBXTargetDependency */ = {
			isa = PBXTargetDependency;
			target = 732EEEAE297528A800D9084A /* LMS_App */;
			targetProxy = 732EEEC6297528AA00D9084A /* PBXContainerItemProxy */;
		};
		732EEED1297528AA00D9084A /* PBXTargetDependency */ = {
			isa = PBXTargetDependency;
			target = 732EEEAE297528A800D9084A /* LMS_App */;
			targetProxy = 732EEED0297528AA00D9084A /* PBXContainerItemProxy */;
		};
/* End PBXTargetDependency section */

/* Begin PBXVariantGroup section */
		732EEEB8297528A800D9084A /* Main.storyboard */ = {
			isa = PBXVariantGroup;
			children = (
				732EEEB9297528A800D9084A /* Base */,
			);
			name = Main.storyboard;
			sourceTree = "<group>";
		};
		732EEEBD297528AA00D9084A /* LaunchScreen.storyboard */ = {
			isa = PBXVariantGroup;
			children = (
				732EEEBE297528AA00D9084A /* Base */,
			);
			name = LaunchScreen.storyboard;
			sourceTree = "<group>";
		};
/* End PBXVariantGroup section */

/* Begin XCBuildConfiguration section */
		732EEED7297528AA00D9084A /* Debug */ = {
			isa = XCBuildConfiguration;
			buildSettings = {
				ALWAYS_SEARCH_USER_PATHS = NO;
				CLANG_ANALYZER_NONNULL = YES;
				CLANG_ANALYZER_NUMBER_OBJECT_CONVERSION = YES_AGGRESSIVE;
				CLANG_CXX_LANGUAGE_STANDARD = "gnu++20";
				CLANG_ENABLE_MODULES = YES;
				CLANG_ENABLE_OBJC_ARC = YES;
				CLANG_ENABLE_OBJC_WEAK = YES;
				CLANG_WARN_BLOCK_CAPTURE_AUTORELEASING = YES;
				CLANG_WARN_BOOL_CONVERSION = YES;
				CLANG_WARN_COMMA = YES;
				CLANG_WARN_CONSTANT_CONVERSION = YES;
				CLANG_WARN_DEPRECATED_OBJC_IMPLEMENTATIONS = YES;
				CLANG_WARN_DIRECT_OBJC_ISA_USAGE = YES_ERROR;
				CLANG_WARN_DOCUMENTATION_COMMENTS = YES;
				CLANG_WARN_EMPTY_BODY = YES;
				CLANG_WARN_ENUM_CONVERSION = YES;
				CLANG_WARN_INFINITE_RECURSION = YES;
				CLANG_WARN_INT_CONVERSION = YES;
				CLANG_WARN_NON_LITERAL_NULL_CONVERSION = YES;
				CLANG_WARN_OBJC_IMPLICIT_RETAIN_SELF = YES;
				CLANG_WARN_OBJC_LITERAL_CONVERSION = YES;
				CLANG_WARN_OBJC_ROOT_CLASS = YES_ERROR;
				CLANG_WARN_QUOTED_INCLUDE_IN_FRAMEWORK_HEADER = YES;
				CLANG_WARN_RANGE_LOOP_ANALYSIS = YES;
				CLANG_WARN_STRICT_PROTOTYPES = YES;
				CLANG_WARN_SUSPICIOUS_MOVE = YES;
				CLANG_WARN_UNGUARDED_AVAILABILITY = YES_AGGRESSIVE;
				CLANG_WARN_UNREACHABLE_CODE = YES;
				CLANG_WARN__DUPLICATE_METHOD_MATCH = YES;
				COPY_PHASE_STRIP = NO;
				DEBUG_INFORMATION_FORMAT = dwarf;
				ENABLE_STRICT_OBJC_MSGSEND = YES;
				ENABLE_TESTABILITY = YES;
				GCC_C_LANGUAGE_STANDARD = gnu11;
				GCC_DYNAMIC_NO_PIC = NO;
				GCC_NO_COMMON_BLOCKS = YES;
				GCC_OPTIMIZATION_LEVEL = 0;
				GCC_PREPROCESSOR_DEFINITIONS = (
					"DEBUG=1",
					"$(inherited)",
				);
				GCC_WARN_64_TO_32_BIT_CONVERSION = YES;
				GCC_WARN_ABOUT_RETURN_TYPE = YES_ERROR;
				GCC_WARN_UNDECLARED_SELECTOR = YES;
				GCC_WARN_UNINITIALIZED_AUTOS = YES_AGGRESSIVE;
				GCC_WARN_UNUSED_FUNCTION = YES;
				GCC_WARN_UNUSED_VARIABLE = YES;
				IPHONEOS_DEPLOYMENT_TARGET = 16.2;
				MTL_ENABLE_DEBUG_INFO = INCLUDE_SOURCE;
				MTL_FAST_MATH = YES;
				ONLY_ACTIVE_ARCH = YES;
				SDKROOT = iphoneos;
				SWIFT_ACTIVE_COMPILATION_CONDITIONS = DEBUG;
				SWIFT_OPTIMIZATION_LEVEL = "-Onone";
			};
			name = Debug;
		};
		732EEED8297528AA00D9084A /* Release */ = {
			isa = XCBuildConfiguration;
			buildSettings = {
				ALWAYS_SEARCH_USER_PATHS = NO;
				CLANG_ANALYZER_NONNULL = YES;
				CLANG_ANALYZER_NUMBER_OBJECT_CONVERSION = YES_AGGRESSIVE;
				CLANG_CXX_LANGUAGE_STANDARD = "gnu++20";
				CLANG_ENABLE_MODULES = YES;
				CLANG_ENABLE_OBJC_ARC = YES;
				CLANG_ENABLE_OBJC_WEAK = YES;
				CLANG_WARN_BLOCK_CAPTURE_AUTORELEASING = YES;
				CLANG_WARN_BOOL_CONVERSION = YES;
				CLANG_WARN_COMMA = YES;
				CLANG_WARN_CONSTANT_CONVERSION = YES;
				CLANG_WARN_DEPRECATED_OBJC_IMPLEMENTATIONS = YES;
				CLANG_WARN_DIRECT_OBJC_ISA_USAGE = YES_ERROR;
				CLANG_WARN_DOCUMENTATION_COMMENTS = YES;
				CLANG_WARN_EMPTY_BODY = YES;
				CLANG_WARN_ENUM_CONVERSION = YES;
				CLANG_WARN_INFINITE_RECURSION = YES;
				CLANG_WARN_INT_CONVERSION = YES;
				CLANG_WARN_NON_LITERAL_NULL_CONVERSION = YES;
				CLANG_WARN_OBJC_IMPLICIT_RETAIN_SELF = YES;
				CLANG_WARN_OBJC_LITERAL_CONVERSION = YES;
				CLANG_WARN_OBJC_ROOT_CLASS = YES_ERROR;
				CLANG_WARN_QUOTED_INCLUDE_IN_FRAMEWORK_HEADER = YES;
				CLANG_WARN_RANGE_LOOP_ANALYSIS = YES;
				CLANG_WARN_STRICT_PROTOTYPES = YES;
				CLANG_WARN_SUSPICIOUS_MOVE = YES;
				CLANG_WARN_UNGUARDED_AVAILABILITY = YES_AGGRESSIVE;
				CLANG_WARN_UNREACHABLE_CODE = YES;
				CLANG_WARN__DUPLICATE_METHOD_MATCH = YES;
				COPY_PHASE_STRIP = NO;
				DEBUG_INFORMATION_FORMAT = "dwarf-with-dsym";
				ENABLE_NS_ASSERTIONS = NO;
				ENABLE_STRICT_OBJC_MSGSEND = YES;
				GCC_C_LANGUAGE_STANDARD = gnu11;
				GCC_NO_COMMON_BLOCKS = YES;
				GCC_WARN_64_TO_32_BIT_CONVERSION = YES;
				GCC_WARN_ABOUT_RETURN_TYPE = YES_ERROR;
				GCC_WARN_UNDECLARED_SELECTOR = YES;
				GCC_WARN_UNINITIALIZED_AUTOS = YES_AGGRESSIVE;
				GCC_WARN_UNUSED_FUNCTION = YES;
				GCC_WARN_UNUSED_VARIABLE = YES;
				IPHONEOS_DEPLOYMENT_TARGET = 16.2;
				MTL_ENABLE_DEBUG_INFO = NO;
				MTL_FAST_MATH = YES;
				SDKROOT = iphoneos;
				SWIFT_COMPILATION_MODE = wholemodule;
				SWIFT_OPTIMIZATION_LEVEL = "-O";
				VALIDATE_PRODUCT = YES;
			};
			name = Release;
		};
		732EEEDA297528AA00D9084A /* Debug */ = {
			isa = XCBuildConfiguration;
			buildSettings = {
				ASSETCATALOG_COMPILER_APPICON_NAME = AppIcon;
				ASSETCATALOG_COMPILER_GLOBAL_ACCENT_COLOR_NAME = AccentColor;
				CODE_SIGN_STYLE = Automatic;
				CURRENT_PROJECT_VERSION = 1;
				DEVELOPMENT_TEAM = 643M65W7HH;
				GENERATE_INFOPLIST_FILE = YES;
				INFOPLIST_FILE = LMS_App/Info.plist;
				INFOPLIST_KEY_UIApplicationSupportsIndirectInputEvents = YES;
				INFOPLIST_KEY_UILaunchStoryboardName = LaunchScreen;
				INFOPLIST_KEY_UIMainStoryboardFile = Main;
				INFOPLIST_KEY_UISupportedInterfaceOrientations = UIInterfaceOrientationPortrait;
				INFOPLIST_KEY_UISupportedInterfaceOrientations_iPad = "UIInterfaceOrientationLandscapeLeft UIInterfaceOrientationLandscapeRight UIInterfaceOrientationPortrait UIInterfaceOrientationPortraitUpsideDown";
				IPHONEOS_DEPLOYMENT_TARGET = 15.2;
				LD_RUNPATH_SEARCH_PATHS = (
					"$(inherited)",
					"@executable_path/Frameworks",
				);
				MARKETING_VERSION = 1.0;
				PRODUCT_BUNDLE_IDENTIFIER = "yoosang.LMS-App";
				PRODUCT_NAME = "$(TARGET_NAME)";
				SUPPORTED_PLATFORMS = "iphoneos iphonesimulator";
				SUPPORTS_MACCATALYST = NO;
				SUPPORTS_MAC_DESIGNED_FOR_IPHONE_IPAD = NO;
				SWIFT_EMIT_LOC_STRINGS = YES;
				SWIFT_VERSION = 5.0;
				TARGETED_DEVICE_FAMILY = 1;
			};
			name = Debug;
		};
		732EEEDB297528AA00D9084A /* Release */ = {
			isa = XCBuildConfiguration;
			buildSettings = {
				ASSETCATALOG_COMPILER_APPICON_NAME = AppIcon;
				ASSETCATALOG_COMPILER_GLOBAL_ACCENT_COLOR_NAME = AccentColor;
				CODE_SIGN_STYLE = Automatic;
				CURRENT_PROJECT_VERSION = 1;
				DEVELOPMENT_TEAM = 643M65W7HH;
				GENERATE_INFOPLIST_FILE = YES;
				INFOPLIST_FILE = LMS_App/Info.plist;
				INFOPLIST_KEY_UIApplicationSupportsIndirectInputEvents = YES;
				INFOPLIST_KEY_UILaunchStoryboardName = LaunchScreen;
				INFOPLIST_KEY_UIMainStoryboardFile = Main;
				INFOPLIST_KEY_UISupportedInterfaceOrientations = UIInterfaceOrientationPortrait;
				INFOPLIST_KEY_UISupportedInterfaceOrientations_iPad = "UIInterfaceOrientationLandscapeLeft UIInterfaceOrientationLandscapeRight UIInterfaceOrientationPortrait UIInterfaceOrientationPortraitUpsideDown";
				IPHONEOS_DEPLOYMENT_TARGET = 15.2;
				LD_RUNPATH_SEARCH_PATHS = (
					"$(inherited)",
					"@executable_path/Frameworks",
				);
				MARKETING_VERSION = 1.0;
				PRODUCT_BUNDLE_IDENTIFIER = "yoosang.LMS-App";
				PRODUCT_NAME = "$(TARGET_NAME)";
				SUPPORTED_PLATFORMS = "iphoneos iphonesimulator";
				SUPPORTS_MACCATALYST = NO;
				SUPPORTS_MAC_DESIGNED_FOR_IPHONE_IPAD = NO;
				SWIFT_EMIT_LOC_STRINGS = YES;
				SWIFT_VERSION = 5.0;
				TARGETED_DEVICE_FAMILY = 1;
			};
			name = Release;
		};
		732EEEDD297528AA00D9084A /* Debug */ = {
			isa = XCBuildConfiguration;
			buildSettings = {
				ALWAYS_EMBED_SWIFT_STANDARD_LIBRARIES = YES;
				BUNDLE_LOADER = "$(TEST_HOST)";
				CODE_SIGN_STYLE = Automatic;
				CURRENT_PROJECT_VERSION = 1;
				DEVELOPMENT_TEAM = 643M65W7HH;
				GENERATE_INFOPLIST_FILE = YES;
				IPHONEOS_DEPLOYMENT_TARGET = 16.2;
				MARKETING_VERSION = 1.0;
				PRODUCT_BUNDLE_IDENTIFIER = "yoosang.LMS-AppTests";
				PRODUCT_NAME = "$(TARGET_NAME)";
				SWIFT_EMIT_LOC_STRINGS = NO;
				SWIFT_VERSION = 5.0;
				TARGETED_DEVICE_FAMILY = "1,2";
				TEST_HOST = "$(BUILT_PRODUCTS_DIR)/LMS_App.app/$(BUNDLE_EXECUTABLE_FOLDER_PATH)/LMS_App";
			};
			name = Debug;
		};
		732EEEDE297528AA00D9084A /* Release */ = {
			isa = XCBuildConfiguration;
			buildSettings = {
				ALWAYS_EMBED_SWIFT_STANDARD_LIBRARIES = YES;
				BUNDLE_LOADER = "$(TEST_HOST)";
				CODE_SIGN_STYLE = Automatic;
				CURRENT_PROJECT_VERSION = 1;
				DEVELOPMENT_TEAM = 643M65W7HH;
				GENERATE_INFOPLIST_FILE = YES;
				IPHONEOS_DEPLOYMENT_TARGET = 16.2;
				MARKETING_VERSION = 1.0;
				PRODUCT_BUNDLE_IDENTIFIER = "yoosang.LMS-AppTests";
				PRODUCT_NAME = "$(TARGET_NAME)";
				SWIFT_EMIT_LOC_STRINGS = NO;
				SWIFT_VERSION = 5.0;
				TARGETED_DEVICE_FAMILY = "1,2";
				TEST_HOST = "$(BUILT_PRODUCTS_DIR)/LMS_App.app/$(BUNDLE_EXECUTABLE_FOLDER_PATH)/LMS_App";
			};
			name = Release;
		};
		732EEEE0297528AA00D9084A /* Debug */ = {
			isa = XCBuildConfiguration;
			buildSettings = {
				ALWAYS_EMBED_SWIFT_STANDARD_LIBRARIES = YES;
				CODE_SIGN_STYLE = Automatic;
				CURRENT_PROJECT_VERSION = 1;
				DEVELOPMENT_TEAM = 643M65W7HH;
				GENERATE_INFOPLIST_FILE = YES;
				MARKETING_VERSION = 1.0;
				PRODUCT_BUNDLE_IDENTIFIER = "yoosang.LMS-AppUITests";
				PRODUCT_NAME = "$(TARGET_NAME)";
				SWIFT_EMIT_LOC_STRINGS = NO;
				SWIFT_VERSION = 5.0;
				TARGETED_DEVICE_FAMILY = "1,2";
				TEST_TARGET_NAME = LMS_App;
			};
			name = Debug;
		};
		732EEEE1297528AA00D9084A /* Release */ = {
			isa = XCBuildConfiguration;
			buildSettings = {
				ALWAYS_EMBED_SWIFT_STANDARD_LIBRARIES = YES;
				CODE_SIGN_STYLE = Automatic;
				CURRENT_PROJECT_VERSION = 1;
				DEVELOPMENT_TEAM = 643M65W7HH;
				GENERATE_INFOPLIST_FILE = YES;
				MARKETING_VERSION = 1.0;
				PRODUCT_BUNDLE_IDENTIFIER = "yoosang.LMS-AppUITests";
				PRODUCT_NAME = "$(TARGET_NAME)";
				SWIFT_EMIT_LOC_STRINGS = NO;
				SWIFT_VERSION = 5.0;
				TARGETED_DEVICE_FAMILY = "1,2";
				TEST_TARGET_NAME = LMS_App;
			};
			name = Release;
		};
/* End XCBuildConfiguration section */

/* Begin XCConfigurationList section */
		732EEEAA297528A800D9084A /* Build configuration list for PBXProject "LMS_App" */ = {
			isa = XCConfigurationList;
			buildConfigurations = (
				732EEED7297528AA00D9084A /* Debug */,
				732EEED8297528AA00D9084A /* Release */,
			);
			defaultConfigurationIsVisible = 0;
			defaultConfigurationName = Release;
		};
		732EEED9297528AA00D9084A /* Build configuration list for PBXNativeTarget "LMS_App" */ = {
			isa = XCConfigurationList;
			buildConfigurations = (
				732EEEDA297528AA00D9084A /* Debug */,
				732EEEDB297528AA00D9084A /* Release */,
			);
			defaultConfigurationIsVisible = 0;
			defaultConfigurationName = Release;
		};
		732EEEDC297528AA00D9084A /* Build configuration list for PBXNativeTarget "LMS_AppTests" */ = {
			isa = XCConfigurationList;
			buildConfigurations = (
				732EEEDD297528AA00D9084A /* Debug */,
				732EEEDE297528AA00D9084A /* Release */,
			);
			defaultConfigurationIsVisible = 0;
			defaultConfigurationName = Release;
		};
		732EEEDF297528AA00D9084A /* Build configuration list for PBXNativeTarget "LMS_AppUITests" */ = {
			isa = XCConfigurationList;
			buildConfigurations = (
				732EEEE0297528AA00D9084A /* Debug */,
				732EEEE1297528AA00D9084A /* Release */,
			);
			defaultConfigurationIsVisible = 0;
			defaultConfigurationName = Release;
		};
/* End XCConfigurationList section */
	};
	rootObject = 732EEEA7297528A800D9084A /* Project object */;
}
